
Microsoft Visual Studio Solution File, Format Version 12.00
Project("{FAE04EC0-301F-11D3-BF4B-00C04F79EFBC}") = "Q1", "Q1\Q1.csproj", "{36A7CC7F-1927-49E7-B5A0-81DA6F2CB613}"
EndProject
Project("{FAE04EC0-301F-11D3-BF4B-00C04F79EFBC}") = "Q2", "Q2\Q2.csproj", "{2BFE864C-4480-4C73-9708-D27F0F0455C5}"
EndProject
Project("{FAE04EC0-301F-11D3-BF4B-00C04F79EFBC}") = "Q3", "Q3\Q3.csproj", "{B317ED7E-1D0C-4647-9F9C-A7D797C3FEEB}"
EndProject
Project("{FAE04EC0-301F-11D3-BF4B-00C04F79EFBC}") = "Q4", "Q4\Q4.csproj", "{278DAB18-55C0-4A18-A55B-449058C800DD}"
EndProject
Global
	GlobalSection(SolutionConfigurationPlatforms) = preSolution
		Debug|Any CPU = Debug|Any CPU
		Release|Any CPU = Release|Any CPU
	EndGlobalSection
	GlobalSection(ProjectConfigurationPlatforms) = postSolution
		{36A7CC7F-1927-49E7-B5A0-81DA6F2CB613}.Debug|Any CPU.ActiveCfg = Debug|Any CPU
		{36A7CC7F-1927-49E7-B5A0-81DA6F2CB613}.Debug|Any CPU.Build.0 = Debug|Any CPU
		{36A7CC7F-1927-49E7-B5A0-81DA6F2CB613}.Release|Any CPU.ActiveCfg = Release|Any CPU
		{36A7CC7F-1927-49E7-B5A0-81DA6F2CB613}.Release|Any CPU.Build.0 = Release|Any CPU
		{2BFE864C-4480-4C73-9708-D27F0F0455C5}.Debug|Any CPU.ActiveCfg = Debug|Any CPU
		{2BFE864C-4480-4C73-9708-D27F0F0455C5}.Debug|Any CPU.Build.0 = Debug|Any CPU
		{2BFE864C-4480-4C73-9708-D27F0F0455C5}.Release|Any CPU.ActiveCfg = Release|Any CPU
		{2BFE864C-4480-4C73-9708-D27F0F0455C5}.Release|Any CPU.Build.0 = Release|Any CPU
		{B317ED7E-1D0C-4647-9F9C-A7D797C3FEEB}.Debug|Any CPU.ActiveCfg = Debug|Any CPU
		{B317ED7E-1D0C-4647-9F9C-A7D797C3FEEB}.Debug|Any CPU.Build.0 = Debug|Any CPU
		{B317ED7E-1D0C-4647-9F9C-A7D797C3FEEB}.Release|Any CPU.ActiveCfg = Release|Any CPU
		{B317ED7E-1D0C-4647-9F9C-A7D797C3FEEB}.Release|Any CPU.Build.0 = Release|Any CPU
		{278DAB18-55C0-4A18-A55B-449058C800DD}.Debug|Any CPU.ActiveCfg = Debug|Any CPU
		{278DAB18-55C0-4A18-A55B-449058C800DD}.Debug|Any CPU.Build.0 = Debug|Any CPU
		{278DAB18-55C0-4A18-A55B-449058C800DD}.Release|Any CPU.ActiveCfg = Release|Any CPU
		{278DAB18-55C0-4A18-A55B-449058C800DD}.Release|Any CPU.Build.0 = Release|Any CPU
	EndGlobalSection
EndGlobal
