
Microsoft Visual Studio Solution File, Format Version 12.00
Project("{FAE04EC0-301F-11D3-BF4B-00C04F79EFBC}") = "RPS-Authentication", "RPS-Authentication\RPS-Authentication.csproj", "{42D9EEF4-DEE1-436A-A237-6D3FCF5B642E}"
EndProject
Global
	GlobalSection(SolutionConfigurationPlatforms) = preSolution
		Debug|Any CPU = Debug|Any CPU
		Release|Any CPU = Release|Any CPU
	EndGlobalSection
	GlobalSection(ProjectConfigurationPlatforms) = postSolution
		{42D9EEF4-DEE1-436A-A237-6D3FCF5B642E}.Debug|Any CPU.ActiveCfg = Debug|Any CPU
		{42D9EEF4-DEE1-436A-A237-6D3FCF5B642E}.Debug|Any CPU.Build.0 = Debug|Any CPU
		{42D9EEF4-DEE1-436A-A237-6D3FCF5B642E}.Release|Any CPU.ActiveCfg = Release|Any CPU
		{42D9EEF4-DEE1-436A-A237-6D3FCF5B642E}.Release|Any CPU.Build.0 = Release|Any CPU
	EndGlobalSection
EndGlobal
